{
    __meta__ = {
        version = "1.0"
    },
    ["windows|x64"] = {
        ["cmake#f56260b5"] = {
            repo = {
                branch = "master",
                commit = "1b82faac5321e1aa14d917db05e100ca9493c8b0",
                url = "https://github.com/xmake-io/xmake-repo.git"
            },
            version = "4.2.3"
        },
        ["glaze#f56260b5"] = {
            repo = {
                branch = "master",
                commit = "1b82faac5321e1aa14d917db05e100ca9493c8b0",
                url = "https://github.com/xmake-io/xmake-repo.git"
            },
            version = "v7.0.2"
        },
        ["microsoft-detours#f56260b5"] = {
            repo = {
                branch = "master",
                commit = "1b82faac5321e1aa14d917db05e100ca9493c8b0",
                url = "https://github.com/xmake-io/xmake-repo.git"
            },
            version = "2023.6.8"
        },
        ["ninja#f56260b5"] = {
            repo = {
                branch = "master",
                commit = "1b82faac5321e1aa14d917db05e100ca9493c8b0",
                url = "https://github.com/xmake-io/xmake-repo.git"
            },
            version = "v1.13.1"
        },
        ["rsm-binary-io#f56260b5"] = {
            repo = {
                branch = "master",
                commit = "1b82faac5321e1aa14d917db05e100ca9493c8b0",
                url = "https://github.com/xmake-io/xmake-repo.git"
            },
            version = "2.0.6"
        },
        ["spdlog#09c8c173"] = {
            repo = {
                branch = "master",
                commit = "1b82faac5321e1aa14d917db05e100ca9493c8b0",
                url = "https://github.com/xmake-io/xmake-repo.git"
            },
            version = "v1.17.0"
        }
    }
}