{
    __meta__ = {
        version = "1.0"
    },
    ["windows|x64"] = {
        ["cmake#31fecfc4"] = {
            repo = {
                branch = "master",
                commit = "327049a727b7f63a2419bbb8128051c0de3fa91b",
                url = "https://github.com/xmake-io/xmake-repo.git"
            },
            version = "3.31.3"
        },
        ["glaze#31fecfc4"] = {
            repo = {
                branch = "master",
                commit = "4630bd968436f7e41a8f22c2e325e4dda7a8da91",
                url = "https://github.com/xmake-io/xmake-repo.git"
            },
            version = "v4.2.2"
        },
        ["rsm-binary-io#31fecfc4"] = {
            repo = {
                branch = "master",
                commit = "30bf09689d5f65e9ea4e3904ceb675f8f04f0789",
                url = "https://github.com/xmake-io/xmake-repo.git"
            },
            version = "2.0.6"
        },
        ["spdlog#9c36f0a9"] = {
            repo = {
                branch = "master",
                commit = "f145085609fcacdd48b6b4d593662c57d59732b7",
                url = "https://github.com/xmake-io/xmake-repo.git"
            },
            version = "v1.15.0"
        }
    }
}